# This file is automatically @generated by Cargo.
# It is not intended for manual editing.
version = 4

[[package]]
name = "itron"
version = "0.1.9"
source = "registry+https://github.com/rust-lang/crates.io-index"
checksum = "ab72a2ac7834689b3478b66077c32269d712c650ce138c2fd093a340e3fcc68b"
dependencies = [
 "tt-call",
]

[[package]]
name = "tecsrust_opt"
version = "0.1.0"
dependencies = [
 "itron",
]

[[package]]
name = "tt-call"
version = "1.0.9"
source = "registry+https://github.com/rust-lang/crates.io-index"
checksum = "f4f195fd851901624eee5a58c4bb2b4f06399148fcd0ed336e6f1cb60a9881df"
